
Microsoft Visual Studio Solution File, Format Version 12.00
# Visual Studio Version 17
VisualStudioVersion = 17.9.34728.123
MinimumVisualStudioVersion = 10.0.40219.1
Project("{FAE04EC0-301F-11D3-BF4B-00C04F79EFBC}") = "coderefactoring", "coderefactoring.csproj", "{7984AD67-9E07-418F-B69D-216C54F14AFE}"
EndProject
Global
	GlobalSection(SolutionConfigurationPlatforms) = preSolution
		Debug|Any CPU = Debug|Any CPU
		Release|Any CPU = Release|Any CPU
	EndGlobalSection
	GlobalSection(ProjectConfigurationPlatforms) = postSolution
		{7984AD67-9E07-418F-B69D-216C54F14AFE}.Debug|Any CPU.ActiveCfg = Debug|Any CPU
		{7984AD67-9E07-418F-B69D-216C54F14AFE}.Debug|Any CPU.Build.0 = Debug|Any CPU
		{7984AD67-9E07-418F-B69D-216C54F14AFE}.Release|Any CPU.ActiveCfg = Release|Any CPU
		{7984AD67-9E07-418F-B69D-216C54F14AFE}.Release|Any CPU.Build.0 = Release|Any CPU
	EndGlobalSection
	GlobalSection(SolutionProperties) = preSolution
		HideSolutionNode = FALSE
	EndGlobalSection
	GlobalSection(ExtensibilityGlobals) = postSolution
		SolutionGuid = {42ACBF27-E58E-4D9D-85FE-BC9D2555248C}
	EndGlobalSection
EndGlobal
